
Microsoft Visual Studio Solution File, Format Version 12.00
# Visual Studio Version 16
VisualStudioVersion = 16.0.32929.386
MinimumVisualStudioVersion = 10.0.40219.1
Project("{FAE04EC0-301F-11D3-BF4B-00C04F79EFBC}") = "Lida Data Acquisition", "Lida Data Acquisition.csproj", "{B4EF0D1C-9284-4E15-BA9D-FC9427448E30}"
EndProject
Global
	GlobalSection(SolutionConfigurationPlatforms) = preSolution
		Debug|Any CPU = Debug|Any CPU
		Release|Any CPU = Release|Any CPU
	EndGlobalSection
	GlobalSection(ProjectConfigurationPlatforms) = postSolution
		{B4EF0D1C-9284-4E15-BA9D-FC9427448E30}.Debug|Any CPU.ActiveCfg = Debug|Any CPU
		{B4EF0D1C-9284-4E15-BA9D-FC9427448E30}.Debug|Any CPU.Build.0 = Debug|Any CPU
		{B4EF0D1C-9284-4E15-BA9D-FC9427448E30}.Release|Any CPU.ActiveCfg = Release|Any CPU
		{B4EF0D1C-9284-4E15-BA9D-FC9427448E30}.Release|Any CPU.Build.0 = Release|Any CPU
	EndGlobalSection
	GlobalSection(SolutionProperties) = preSolution
		HideSolutionNode = FALSE
	EndGlobalSection
	GlobalSection(ExtensibilityGlobals) = postSolution
		SolutionGuid = {87F01F1B-DFE2-4A00-8119-21C6229E2D68}
	EndGlobalSection
EndGlobal
